
Microsoft Visual Studio Solution File, Format Version 12.00
# Visual Studio 2013
VisualStudioVersion = 12.0.31101.0
MinimumVisualStudioVersion = 10.0.40219.1
Project("{FAE04EC0-301F-11D3-BF4B-00C04F79EFBC}") = "Client", "Client\Client.csproj", "{A3196433-91CC-4534-AD57-FF9CDA541E04}"
EndProject
Project("{FAE04EC0-301F-11D3-BF4B-00C04F79EFBC}") = "Server", "Server\Server.csproj", "{C3819467-0283-4024-BEC6-FAC2B38DBCDF}"
EndProject
Project("{FAE04EC0-301F-11D3-BF4B-00C04F79EFBC}") = "ServerData", "ServerData\ServerData.csproj", "{371804CF-8E4A-40EE-BFAC-D6DBACAE3907}"
EndProject
Global
	GlobalSection(SolutionConfigurationPlatforms) = preSolution
		Debug|Any CPU = Debug|Any CPU
		Release|Any CPU = Release|Any CPU
	EndGlobalSection
	GlobalSection(ProjectConfigurationPlatforms) = postSolution
		{A3196433-91CC-4534-AD57-FF9CDA541E04}.Debug|Any CPU.ActiveCfg = Debug|Any CPU
		{A3196433-91CC-4534-AD57-FF9CDA541E04}.Debug|Any CPU.Build.0 = Debug|Any CPU
		{A3196433-91CC-4534-AD57-FF9CDA541E04}.Release|Any CPU.ActiveCfg = Release|Any CPU
		{A3196433-91CC-4534-AD57-FF9CDA541E04}.Release|Any CPU.Build.0 = Release|Any CPU
		{C3819467-0283-4024-BEC6-FAC2B38DBCDF}.Debug|Any CPU.ActiveCfg = Debug|Any CPU
		{C3819467-0283-4024-BEC6-FAC2B38DBCDF}.Debug|Any CPU.Build.0 = Debug|Any CPU
		{C3819467-0283-4024-BEC6-FAC2B38DBCDF}.Release|Any CPU.ActiveCfg = Release|Any CPU
		{C3819467-0283-4024-BEC6-FAC2B38DBCDF}.Release|Any CPU.Build.0 = Release|Any CPU
		{371804CF-8E4A-40EE-BFAC-D6DBACAE3907}.Debug|Any CPU.ActiveCfg = Debug|Any CPU
		{371804CF-8E4A-40EE-BFAC-D6DBACAE3907}.Debug|Any CPU.Build.0 = Debug|Any CPU
		{371804CF-8E4A-40EE-BFAC-D6DBACAE3907}.Release|Any CPU.ActiveCfg = Release|Any CPU
		{371804CF-8E4A-40EE-BFAC-D6DBACAE3907}.Release|Any CPU.Build.0 = Release|Any CPU
	EndGlobalSection
	GlobalSection(SolutionProperties) = preSolution
		HideSolutionNode = FALSE
	EndGlobalSection
EndGlobal
